// !$*UTF8*$!
{
	archiveVersion = 1;
	classes = {
	};
	objectVersion = 56;
	objects = {

/* Begin PBXBuildFile section */
		DACDA8512CC6B47B0002C758 /* AppDelegate.swift in Sources */ = {isa = PBXBuildFile; fileRef = DACDA8502CC6B47B0002C758 /* AppDelegate.swift */; };
		DACDA8532CC6B47B0002C758 /* SceneDelegate.swift in Sources */ = {isa = PBXBuildFile; fileRef = DACDA8522CC6B47B0002C758 /* SceneDelegate.swift */; };
		DACDA8582CC6B47B0002C758 /* Base in Resources */ = {isa = PBXBuildFile; fileRef = DACDA8572CC6B47B0002C758 /* Base */; };
		DACDA85A2CC6B47C0002C758 /* Assets.xcassets in Resources */ = {isa = PBXBuildFile; fileRef = DACDA8592CC6B47C0002C758 /* Assets.xcassets */; };
		DACDA85D2CC6B47C0002C758 /* Base in Resources */ = {isa = PBXBuildFile; fileRef = DACDA85C2CC6B47C0002C758 /* Base */; };
		DACDA8762CC6B5990002C758 /* WeatherViewModel.swift in Sources */ = {isa = PBXBuildFile; fileRef = DACDA8642CC6B5990002C758 /* WeatherViewModel.swift */; };
		DACDA8772CC6B5990002C758 /* APIError.swift in Sources */ = {isa = PBXBuildFile; fileRef = DACDA8662CC6B5990002C758 /* APIError.swift */; };
		DACDA8782CC6B5990002C758 /* APIService.swift in Sources */ = {isa = PBXBuildFile; fileRef = DACDA8672CC6B5990002C758 /* APIService.swift */; };
		DACDA8792CC6B5990002C758 /* Extension.swift in Sources */ = {isa = PBXBuildFile; fileRef = DACDA8692CC6B5990002C758 /* Extension.swift */; };
		DACDA87A2CC6B5990002C758 /* ProgressHUD.swift in Sources */ = {isa = PBXBuildFile; fileRef = DACDA86B2CC6B5990002C758 /* ProgressHUD.swift */; };
		DACDA87B2CC6B5990002C758 /* WeatherChanger.swift in Sources */ = {isa = PBXBuildFile; fileRef = DACDA86C2CC6B5990002C758 /* WeatherChanger.swift */; };
		DACDA87C2CC6B5990002C758 /* WeatherCollectionViewCell.swift in Sources */ = {isa = PBXBuildFile; fileRef = DACDA86F2CC6B5990002C758 /* WeatherCollectionViewCell.swift */; };
		DACDA87D2CC6B5990002C758 /* DetailView.swift in Sources */ = {isa = PBXBuildFile; fileRef = DACDA8712CC6B5990002C758 /* DetailView.swift */; };
		DACDA87E2CC6B5990002C758 /* WeatherView.swift in Sources */ = {isa = PBXBuildFile; fileRef = DACDA8722CC6B5990002C758 /* WeatherView.swift */; };
		DACDA87F2CC6B5990002C758 /* WeatherVC.swift in Sources */ = {isa = PBXBuildFile; fileRef = DACDA8732CC6B5990002C758 /* WeatherVC.swift */; };
		DACDA8822CC6B6480002C758 /* WeatherModel.swift in Sources */ = {isa = PBXBuildFile; fileRef = DACDA8802CC6B6480002C758 /* WeatherModel.swift */; };
/* End PBXBuildFile section */

/* Begin PBXFileReference section */
		DACDA84D2CC6B47B0002C758 /* WeatherApp.app */ = {isa = PBXFileReference; explicitFileType = wrapper.application; includeInIndex = 0; path = WeatherApp.app; sourceTree = BUILT_PRODUCTS_DIR; };
		DACDA8502CC6B47B0002C758 /* AppDelegate.swift */ = {isa = PBXFileReference; lastKnownFileType = sourcecode.swift; path = AppDelegate.swift; sourceTree = "<group>"; };
		DACDA8522CC6B47B0002C758 /* SceneDelegate.swift */ = {isa = PBXFileReference; lastKnownFileType = sourcecode.swift; path = SceneDelegate.swift; sourceTree = "<group>"; };
		DACDA8572CC6B47B0002C758 /* Base */ = {isa = PBXFileReference; lastKnownFileType = file.storyboard; name = Base; path = Base.lproj/Main.storyboard; sourceTree = "<group>"; };
		DACDA8592CC6B47C0002C758 /* Assets.xcassets */ = {isa = PBXFileReference; lastKnownFileType = folder.assetcatalog; path = Assets.xcassets; sourceTree = "<group>"; };
		DACDA85C2CC6B47C0002C758 /* Base */ = {isa = PBXFileReference; lastKnownFileType = file.storyboard; name = Base; path = Base.lproj/LaunchScreen.storyboard; sourceTree = "<group>"; };
		DACDA85E2CC6B47C0002C758 /* Info.plist */ = {isa = PBXFileReference; lastKnownFileType = text.plist.xml; path = Info.plist; sourceTree = "<group>"; };
		DACDA8642CC6B5990002C758 /* WeatherViewModel.swift */ = {isa = PBXFileReference; fileEncoding = 4; lastKnownFileType = sourcecode.swift; path = WeatherViewModel.swift; sourceTree = "<group>"; };
		DACDA8662CC6B5990002C758 /* APIError.swift */ = {isa = PBXFileReference; fileEncoding = 4; lastKnownFileType = sourcecode.swift; path = APIError.swift; sourceTree = "<group>"; };
		DACDA8672CC6B5990002C758 /* APIService.swift */ = {isa = PBXFileReference; fileEncoding = 4; lastKnownFileType = sourcecode.swift; path = APIService.swift; sourceTree = "<group>"; };
		DACDA8692CC6B5990002C758 /* Extension.swift */ = {isa = PBXFileReference; fileEncoding = 4; lastKnownFileType = sourcecode.swift; path = Extension.swift; sourceTree = "<group>"; };
		DACDA86B2CC6B5990002C758 /* ProgressHUD.swift */ = {isa = PBXFileReference; fileEncoding = 4; lastKnownFileType = sourcecode.swift; path = ProgressHUD.swift; sourceTree = "<group>"; };
		DACDA86C2CC6B5990002C758 /* WeatherChanger.swift */ = {isa = PBXFileReference; fileEncoding = 4; lastKnownFileType = sourcecode.swift; path = WeatherChanger.swift; sourceTree = "<group>"; };
		DACDA86F2CC6B5990002C758 /* WeatherCollectionViewCell.swift */ = {isa = PBXFileReference; fileEncoding = 4; lastKnownFileType = sourcecode.swift; path = WeatherCollectionViewCell.swift; sourceTree = "<group>"; };
		DACDA8712CC6B5990002C758 /* DetailView.swift */ = {isa = PBXFileReference; fileEncoding = 4; lastKnownFileType = sourcecode.swift; path = DetailView.swift; sourceTree = "<group>"; };
		DACDA8722CC6B5990002C758 /* WeatherView.swift */ = {isa = PBXFileReference; fileEncoding = 4; lastKnownFileType = sourcecode.swift; path = WeatherView.swift; sourceTree = "<group>"; };
		DACDA8732CC6B5990002C758 /* WeatherVC.swift */ = {isa = PBXFileReference; fileEncoding = 4; lastKnownFileType = sourcecode.swift; path = WeatherVC.swift; sourceTree = "<group>"; };
		DACDA8802CC6B6480002C758 /* WeatherModel.swift */ = {isa = PBXFileReference; fileEncoding = 4; lastKnownFileType = sourcecode.swift; path = WeatherModel.swift; sourceTree = "<group>"; };
/* End PBXFileReference section */

/* Begin PBXFrameworksBuildPhase section */
		DACDA84A2CC6B47B0002C758 /* Frameworks */ = {
			isa = PBXFrameworksBuildPhase;
			buildActionMask = 2147483647;
			files = (
			);
			runOnlyForDeploymentPostprocessing = 0;
		};
/* End PBXFrameworksBuildPhase section */

/* Begin PBXGroup section */
		DACDA8442CC6B47B0002C758 = {
			isa = PBXGroup;
			children = (
				DACDA84F2CC6B47B0002C758 /* WeatherApp */,
				DACDA84E2CC6B47B0002C758 /* Products */,
			);
			sourceTree = "<group>";
		};
		DACDA84E2CC6B47B0002C758 /* Products */ = {
			isa = PBXGroup;
			children = (
				DACDA84D2CC6B47B0002C758 /* WeatherApp.app */,
			);
			name = Products;
			sourceTree = "<group>";
		};
		DACDA84F2CC6B47B0002C758 /* WeatherApp */ = {
			isa = PBXGroup;
			children = (
				DACDA86E2CC6B5990002C758 /* Utils */,
				DACDA8752CC6B5990002C758 /* View */,
				DACDA8652CC6B5990002C758 /* ViewModel */,
				DACDA8812CC6B6480002C758 /* Model */,
				DACDA8502CC6B47B0002C758 /* AppDelegate.swift */,
				DACDA8522CC6B47B0002C758 /* SceneDelegate.swift */,
				DACDA8562CC6B47B0002C758 /* Main.storyboard */,
				DACDA8592CC6B47C0002C758 /* Assets.xcassets */,
				DACDA85B2CC6B47C0002C758 /* LaunchScreen.storyboard */,
				DACDA85E2CC6B47C0002C758 /* Info.plist */,
			);
			path = WeatherApp;
			sourceTree = "<group>";
		};
		DACDA8652CC6B5990002C758 /* ViewModel */ = {
			isa = PBXGroup;
			children = (
				DACDA8642CC6B5990002C758 /* WeatherViewModel.swift */,
			);
			path = ViewModel;
			sourceTree = "<group>";
		};
		DACDA8682CC6B5990002C758 /* API */ = {
			isa = PBXGroup;
			children = (
				DACDA8662CC6B5990002C758 /* APIError.swift */,
				DACDA8672CC6B5990002C758 /* APIService.swift */,
			);
			path = API;
			sourceTree = "<group>";
		};
		DACDA86A2CC6B5990002C758 /* Extensions */ = {
			isa = PBXGroup;
			children = (
				DACDA8692CC6B5990002C758 /* Extension.swift */,
			);
			path = Extensions;
			sourceTree = "<group>";
		};
		DACDA86D2CC6B5990002C758 /* Helper */ = {
			isa = PBXGroup;
			children = (
				DACDA86B2CC6B5990002C758 /* ProgressHUD.swift */,
				DACDA86C2CC6B5990002C758 /* WeatherChanger.swift */,
			);
			path = Helper;
			sourceTree = "<group>";
		};
		DACDA86E2CC6B5990002C758 /* Utils */ = {
			isa = PBXGroup;
			children = (
				DACDA8682CC6B5990002C758 /* API */,
				DACDA86A2CC6B5990002C758 /* Extensions */,
				DACDA86D2CC6B5990002C758 /* Helper */,
			);
			path = Utils;
			sourceTree = "<group>";
		};
		DACDA8702CC6B5990002C758 /* Cells */ = {
			isa = PBXGroup;
			children = (
				DACDA86F2CC6B5990002C758 /* WeatherCollectionViewCell.swift */,
			);
			path = Cells;
			sourceTree = "<group>";
		};
		DACDA8742CC6B5990002C758 /* WeatherVC */ = {
			isa = PBXGroup;
			children = (
				DACDA8702CC6B5990002C758 /* Cells */,
				DACDA8712CC6B5990002C758 /* DetailView.swift */,
				DACDA8722CC6B5990002C758 /* WeatherView.swift */,
				DACDA8732CC6B5990002C758 /* WeatherVC.swift */,
			);
			path = WeatherVC;
			sourceTree = "<group>";
		};
		DACDA8752CC6B5990002C758 /* View */ = {
			isa = PBXGroup;
			children = (
				DACDA8742CC6B5990002C758 /* WeatherVC */,
			);
			path = View;
			sourceTree = "<group>";
		};
		DACDA8812CC6B6480002C758 /* Model */ = {
			isa = PBXGroup;
			children = (
				DACDA8802CC6B6480002C758 /* WeatherModel.swift */,
			);
			path = Model;
			sourceTree = "<group>";
		};
/* End PBXGroup section */

/* Begin PBXNativeTarget section */
		DACDA84C2CC6B47B0002C758 /* WeatherApp */ = {
			isa = PBXNativeTarget;
			buildConfigurationList = DACDA8612CC6B47C0002C758 /* Build configuration list for PBXNativeTarget "WeatherApp" */;
			buildPhases = (
				DACDA8492CC6B47B0002C758 /* Sources */,
				DACDA84A2CC6B47B0002C758 /* Frameworks */,
				DACDA84B2CC6B47B0002C758 /* Resources */,
			);
			buildRules = (
			);
			dependencies = (
			);
			name = WeatherApp;
			productName = WeatherApp;
			productReference = DACDA84D2CC6B47B0002C758 /* WeatherApp.app */;
			productType = "com.apple.product-type.application";
		};
/* End PBXNativeTarget section */

/* Begin PBXProject section */
		DACDA8452CC6B47B0002C758 /* Project object */ = {
			isa = PBXProject;
			attributes = {
				BuildIndependentTargetsInParallel = 1;
				LastSwiftUpdateCheck = 1540;
				LastUpgradeCheck = 1540;
				TargetAttributes = {
					DACDA84C2CC6B47B0002C758 = {
						CreatedOnToolsVersion = 15.4;
					};
				};
			};
			buildConfigurationList = DACDA8482CC6B47B0002C758 /* Build configuration list for PBXProject "WeatherApp" */;
			compatibilityVersion = "Xcode 14.0";
			developmentRegion = en;
			hasScannedForEncodings = 0;
			knownRegions = (
				en,
				Base,
			);
			mainGroup = DACDA8442CC6B47B0002C758;
			productRefGroup = DACDA84E2CC6B47B0002C758 /* Products */;
			projectDirPath = "";
			projectRoot = "";
			targets = (
				DACDA84C2CC6B47B0002C758 /* WeatherApp */,
			);
		};
/* End PBXProject section */

/* Begin PBXResourcesBuildPhase section */
		DACDA84B2CC6B47B0002C758 /* Resources */ = {
			isa = PBXResourcesBuildPhase;
			buildActionMask = 2147483647;
			files = (
				DACDA85A2CC6B47C0002C758 /* Assets.xcassets in Resources */,
				DACDA85D2CC6B47C0002C758 /* Base in Resources */,
				DACDA8582CC6B47B0002C758 /* Base in Resources */,
			);
			runOnlyForDeploymentPostprocessing = 0;
		};
/* End PBXResourcesBuildPhase section */

/* Begin PBXSourcesBuildPhase section */
		DACDA8492CC6B47B0002C758 /* Sources */ = {
			isa = PBXSourcesBuildPhase;
			buildActionMask = 2147483647;
			files = (
				DACDA87B2CC6B5990002C758 /* WeatherChanger.swift in Sources */,
				DACDA8762CC6B5990002C758 /* WeatherViewModel.swift in Sources */,
				DACDA87E2CC6B5990002C758 /* WeatherView.swift in Sources */,
				DACDA87F2CC6B5990002C758 /* WeatherVC.swift in Sources */,
				DACDA87A2CC6B5990002C758 /* ProgressHUD.swift in Sources */,
				DACDA8822CC6B6480002C758 /* WeatherModel.swift in Sources */,
				DACDA8792CC6B5990002C758 /* Extension.swift in Sources */,
				DACDA87D2CC6B5990002C758 /* DetailView.swift in Sources */,
				DACDA87C2CC6B5990002C758 /* WeatherCollectionViewCell.swift in Sources */,
				DACDA8512CC6B47B0002C758 /* AppDelegate.swift in Sources */,
				DACDA8772CC6B5990002C758 /* APIError.swift in Sources */,
				DACDA8782CC6B5990002C758 /* APIService.swift in Sources */,
				DACDA8532CC6B47B0002C758 /* SceneDelegate.swift in Sources */,
			);
			runOnlyForDeploymentPostprocessing = 0;
		};
/* End PBXSourcesBuildPhase section */

/* Begin PBXVariantGroup section */
		DACDA8562CC6B47B0002C758 /* Main.storyboard */ = {
			isa = PBXVariantGroup;
			children = (
				DACDA8572CC6B47B0002C758 /* Base */,
			);
			name = Main.storyboard;
			sourceTree = "<group>";
		};
		DACDA85B2CC6B47C0002C758 /* LaunchScreen.storyboard */ = {
			isa = PBXVariantGroup;
			children = (
				DACDA85C2CC6B47C0002C758 /* Base */,
			);
			name = LaunchScreen.storyboard;
			sourceTree = "<group>";
		};
/* End PBXVariantGroup section */

/* Begin XCBuildConfiguration section */
		DACDA85F2CC6B47C0002C758 /* Debug */ = {
			isa = XCBuildConfiguration;
			buildSettings = {
				ALWAYS_SEARCH_USER_PATHS = NO;
				ASSETCATALOG_COMPILER_GENERATE_SWIFT_ASSET_SYMBOL_EXTENSIONS = YES;
				CLANG_ANALYZER_NONNULL = YES;
				CLANG_ANALYZER_NUMBER_OBJECT_CONVERSION = YES_AGGRESSIVE;
				CLANG_CXX_LANGUAGE_STANDARD = "gnu++20";
				CLANG_ENABLE_MODULES = YES;
				CLANG_ENABLE_OBJC_ARC = YES;
				CLANG_ENABLE_OBJC_WEAK = YES;
				CLANG_WARN_BLOCK_CAPTURE_AUTORELEASING = YES;
				CLANG_WARN_BOOL_CONVERSION = YES;
				CLANG_WARN_COMMA = YES;
				CLANG_WARN_CONSTANT_CONVERSION = YES;
				CLANG_WARN_DEPRECATED_OBJC_IMPLEMENTATIONS = YES;
				CLANG_WARN_DIRECT_OBJC_ISA_USAGE = YES_ERROR;
				CLANG_WARN_DOCUMENTATION_COMMENTS = YES;
				CLANG_WARN_EMPTY_BODY = YES;
				CLANG_WARN_ENUM_CONVERSION = YES;
				CLANG_WARN_INFINITE_RECURSION = YES;
				CLANG_WARN_INT_CONVERSION = YES;
				CLANG_WARN_NON_LITERAL_NULL_CONVERSION = YES;
				CLANG_WARN_OBJC_IMPLICIT_RETAIN_SELF = YES;
				CLANG_WARN_OBJC_LITERAL_CONVERSION = YES;
				CLANG_WARN_OBJC_ROOT_CLASS = YES_ERROR;
				CLANG_WARN_QUOTED_INCLUDE_IN_FRAMEWORK_HEADER = YES;
				CLANG_WARN_RANGE_LOOP_ANALYSIS = YES;
				CLANG_WARN_STRICT_PROTOTYPES = YES;
				CLANG_WARN_SUSPICIOUS_MOVE = YES;
				CLANG_WARN_UNGUARDED_AVAILABILITY = YES_AGGRESSIVE;
				CLANG_WARN_UNREACHABLE_CODE = YES;
				CLANG_WARN__DUPLICATE_METHOD_MATCH = YES;
				COPY_PHASE_STRIP = NO;
				DEBUG_INFORMATION_FORMAT = dwarf;
				ENABLE_STRICT_OBJC_MSGSEND = YES;
				ENABLE_TESTABILITY = YES;
				ENABLE_USER_SCRIPT_SANDBOXING = YES;
				GCC_C_LANGUAGE_STANDARD = gnu17;
				GCC_DYNAMIC_NO_PIC = NO;
				GCC_NO_COMMON_BLOCKS = YES;
				GCC_OPTIMIZATION_LEVEL = 0;
				GCC_PREPROCESSOR_DEFINITIONS = (
					"DEBUG=1",
					"$(inherited)",
				);
				GCC_WARN_64_TO_32_BIT_CONVERSION = YES;
				GCC_WARN_ABOUT_RETURN_TYPE = YES_ERROR;
				GCC_WARN_UNDECLARED_SELECTOR = YES;
				GCC_WARN_UNINITIALIZED_AUTOS = YES_AGGRESSIVE;
				GCC_WARN_UNUSED_FUNCTION = YES;
				GCC_WARN_UNUSED_VARIABLE = YES;
				IPHONEOS_DEPLOYMENT_TARGET = 17.5;
				LOCALIZATION_PREFERS_STRING_CATALOGS = YES;
				MTL_ENABLE_DEBUG_INFO = INCLUDE_SOURCE;
				MTL_FAST_MATH = YES;
				ONLY_ACTIVE_ARCH = YES;
				SDKROOT = iphoneos;
				SWIFT_ACTIVE_COMPILATION_CONDITIONS = "DEBUG $(inherited)";
				SWIFT_OPTIMIZATION_LEVEL = "-Onone";
			};
			name = Debug;
		};
		DACDA8602CC6B47C0002C758 /* Release */ = {
			isa = XCBuildConfiguration;
			buildSettings = {
				ALWAYS_SEARCH_USER_PATHS = NO;
				ASSETCATALOG_COMPILER_GENERATE_SWIFT_ASSET_SYMBOL_EXTENSIONS = YES;
				CLANG_ANALYZER_NONNULL = YES;
				CLANG_ANALYZER_NUMBER_OBJECT_CONVERSION = YES_AGGRESSIVE;
				CLANG_CXX_LANGUAGE_STANDARD = "gnu++20";
				CLANG_ENABLE_MODULES = YES;
				CLANG_ENABLE_OBJC_ARC = YES;
				CLANG_ENABLE_OBJC_WEAK = YES;
				CLANG_WARN_BLOCK_CAPTURE_AUTORELEASING = YES;
				CLANG_WARN_BOOL_CONVERSION = YES;
				CLANG_WARN_COMMA = YES;
				CLANG_WARN_CONSTANT_CONVERSION = YES;
				CLANG_WARN_DEPRECATED_OBJC_IMPLEMENTATIONS = YES;
				CLANG_WARN_DIRECT_OBJC_ISA_USAGE = YES_ERROR;
				CLANG_WARN_DOCUMENTATION_COMMENTS = YES;
				CLANG_WARN_EMPTY_BODY = YES;
				CLANG_WARN_ENUM_CONVERSION = YES;
				CLANG_WARN_INFINITE_RECURSION = YES;
				CLANG_WARN_INT_CONVERSION = YES;
				CLANG_WARN_NON_LITERAL_NULL_CONVERSION = YES;
				CLANG_WARN_OBJC_IMPLICIT_RETAIN_SELF = YES;
				CLANG_WARN_OBJC_LITERAL_CONVERSION = YES;
				CLANG_WARN_OBJC_ROOT_CLASS = YES_ERROR;
				CLANG_WARN_QUOTED_INCLUDE_IN_FRAMEWORK_HEADER = YES;
				CLANG_WARN_RANGE_LOOP_ANALYSIS = YES;
				CLANG_WARN_STRICT_PROTOTYPES = YES;
				CLANG_WARN_SUSPICIOUS_MOVE = YES;
				CLANG_WARN_UNGUARDED_AVAILABILITY = YES_AGGRESSIVE;
				CLANG_WARN_UNREACHABLE_CODE = YES;
				CLANG_WARN__DUPLICATE_METHOD_MATCH = YES;
				COPY_PHASE_STRIP = NO;
				DEBUG_INFORMATION_FORMAT = "dwarf-with-dsym";
				ENABLE_NS_ASSERTIONS = NO;
				ENABLE_STRICT_OBJC_MSGSEND = YES;
				ENABLE_USER_SCRIPT_SANDBOXING = YES;
				GCC_C_LANGUAGE_STANDARD = gnu17;
				GCC_NO_COMMON_BLOCKS = YES;
				GCC_WARN_64_TO_32_BIT_CONVERSION = YES;
				GCC_WARN_ABOUT_RETURN_TYPE = YES_ERROR;
				GCC_WARN_UNDECLARED_SELECTOR = YES;
				GCC_WARN_UNINITIALIZED_AUTOS = YES_AGGRESSIVE;
				GCC_WARN_UNUSED_FUNCTION = YES;
				GCC_WARN_UNUSED_VARIABLE = YES;
				IPHONEOS_DEPLOYMENT_TARGET = 17.5;
				LOCALIZATION_PREFERS_STRING_CATALOGS = YES;
				MTL_ENABLE_DEBUG_INFO = NO;
				MTL_FAST_MATH = YES;
				SDKROOT = iphoneos;
				SWIFT_COMPILATION_MODE = wholemodule;
				VALIDATE_PRODUCT = YES;
			};
			name = Release;
		};
		DACDA8622CC6B47C0002C758 /* Debug */ = {
			isa = XCBuildConfiguration;
			buildSettings = {
				ASSETCATALOG_COMPILER_APPICON_NAME = AppIcon;
				ASSETCATALOG_COMPILER_GLOBAL_ACCENT_COLOR_NAME = AccentColor;
				CODE_SIGN_STYLE = Automatic;
				CURRENT_PROJECT_VERSION = 1;
				GENERATE_INFOPLIST_FILE = YES;
				INFOPLIST_FILE = WeatherApp/Info.plist;
				INFOPLIST_KEY_NSLocationAlwaysUsageDescription = "Require for fetching weather data";
				INFOPLIST_KEY_NSLocationWhenInUseUsageDescription = "Require for fetching weather data";
				INFOPLIST_KEY_UIApplicationSupportsIndirectInputEvents = YES;
				INFOPLIST_KEY_UILaunchStoryboardName = LaunchScreen;
				INFOPLIST_KEY_UIMainStoryboardFile = Main;
				INFOPLIST_KEY_UISupportedInterfaceOrientations_iPad = "UIInterfaceOrientationPortrait UIInterfaceOrientationPortraitUpsideDown UIInterfaceOrientationLandscapeLeft UIInterfaceOrientationLandscapeRight";
				INFOPLIST_KEY_UISupportedInterfaceOrientations_iPhone = "UIInterfaceOrientationPortrait UIInterfaceOrientationLandscapeLeft UIInterfaceOrientationLandscapeRight";
				LD_RUNPATH_SEARCH_PATHS = (
					"$(inherited)",
					"@executable_path/Frameworks",
				);
				MARKETING_VERSION = 1.0;
				PRODUCT_BUNDLE_IDENTIFIER = com.WeatherApp;
				PRODUCT_NAME = "$(TARGET_NAME)";
				SWIFT_EMIT_LOC_STRINGS = YES;
				SWIFT_VERSION = 5.0;
				TARGETED_DEVICE_FAMILY = "1,2";
			};
			name = Debug;
		};
		DACDA8632CC6B47C0002C758 /* Release */ = {
			isa = XCBuildConfiguration;
			buildSettings = {
				ASSETCATALOG_COMPILER_APPICON_NAME = AppIcon;
				ASSETCATALOG_COMPILER_GLOBAL_ACCENT_COLOR_NAME = AccentColor;
				CODE_SIGN_STYLE = Automatic;
				CURRENT_PROJECT_VERSION = 1;
				GENERATE_INFOPLIST_FILE = YES;
				INFOPLIST_FILE = WeatherApp/Info.plist;
				INFOPLIST_KEY_NSLocationAlwaysUsageDescription = "Require for fetching weather data";
				INFOPLIST_KEY_NSLocationWhenInUseUsageDescription = "Require for fetching weather data";
				INFOPLIST_KEY_UIApplicationSupportsIndirectInputEvents = YES;
				INFOPLIST_KEY_UILaunchStoryboardName = LaunchScreen;
				INFOPLIST_KEY_UIMainStoryboardFile = Main;
				INFOPLIST_KEY_UISupportedInterfaceOrientations_iPad = "UIInterfaceOrientationPortrait UIInterfaceOrientationPortraitUpsideDown UIInterfaceOrientationLandscapeLeft UIInterfaceOrientationLandscapeRight";
				INFOPLIST_KEY_UISupportedInterfaceOrientations_iPhone = "UIInterfaceOrientationPortrait UIInterfaceOrientationLandscapeLeft UIInterfaceOrientationLandscapeRight";
				LD_RUNPATH_SEARCH_PATHS = (
					"$(inherited)",
					"@executable_path/Frameworks",
				);
				MARKETING_VERSION = 1.0;
				PRODUCT_BUNDLE_IDENTIFIER = com.WeatherApp;
				PRODUCT_NAME = "$(TARGET_NAME)";
				SWIFT_EMIT_LOC_STRINGS = YES;
				SWIFT_VERSION = 5.0;
				TARGETED_DEVICE_FAMILY = "1,2";
			};
			name = Release;
		};
/* End XCBuildConfiguration section */

/* Begin XCConfigurationList section */
		DACDA8482CC6B47B0002C758 /* Build configuration list for PBXProject "WeatherApp" */ = {
			isa = XCConfigurationList;
			buildConfigurations = (
				DACDA85F2CC6B47C0002C758 /* Debug */,
				DACDA8602CC6B47C0002C758 /* Release */,
			);
			defaultConfigurationIsVisible = 0;
			defaultConfigurationName = Release;
		};
		DACDA8612CC6B47C0002C758 /* Build configuration list for PBXNativeTarget "WeatherApp" */ = {
			isa = XCConfigurationList;
			buildConfigurations = (
				DACDA8622CC6B47C0002C758 /* Debug */,
				DACDA8632CC6B47C0002C758 /* Release */,
			);
			defaultConfigurationIsVisible = 0;
			defaultConfigurationName = Release;
		};
/* End XCConfigurationList section */
	};
	rootObject = DACDA8452CC6B47B0002C758 /* Project object */;
}
